{
    "name": "nf-neuro-extensionpack",
    "version": "1.0.0",
    "lockfileVersion": 3,
    "requires": true,
    "packages": {
        "": {
            "name": "nf-neuro-extensionpack",
            "version": "1.0.0",
            "engines": {
                "vscode": "^1.84.0"
            }
        }
    }
}
